{
    "version": 3,
    "terraform_version": "0.11.8",
    "serial": 4,
    "lineage": "8a25d96b-67aa-fcd9-9b2d-15a840e58cb6",
    "modules": [
        {
            "path": [
                "root"
            ],
            "outputs": {},
            "resources": {
                "azurerm_virtual_network.network": {
                    "type": "azurerm_virtual_network",
                    "depends_on": [],
                    "primary": {
                        "id": "/subscriptions/c8398dc1-b671-4b68-b6fd-481c72a4d32f/resourceGroups/terraform/providers/Microsoft.Network/virtualNetworks/cdtlab-network",
                        "attributes": {
                            "address_space.#": "1",
                            "address_space.0": "10.0.0.0/16",
                            "dns_servers.#": "0",
                            "id": "/subscriptions/c8398dc1-b671-4b68-b6fd-481c72a4d32f/resourceGroups/terraform/providers/Microsoft.Network/virtualNetworks/cdtlab-network",
                            "location": "eastus",
                            "name": "cdtlab-network",
                            "resource_group_name": "terraform",
                            "subnet.#": "3",
                            "subnet.1472110187.address_prefix": "10.0.1.0/24",
                            "subnet.1472110187.id": "/subscriptions/c8398dc1-b671-4b68-b6fd-481c72a4d32f/resourceGroups/terraform/providers/Microsoft.Network/virtualNetworks/cdtlab-network/subnets/subnet1",
                            "subnet.1472110187.name": "subnet1",
                            "subnet.1472110187.security_group": "",
                            "subnet.2796830261.address_prefix": "10.0.2.0/24",
                            "subnet.2796830261.id": "/subscriptions/c8398dc1-b671-4b68-b6fd-481c72a4d32f/resourceGroups/terraform/providers/Microsoft.Network/virtualNetworks/cdtlab-network/subnets/subnet2",
                            "subnet.2796830261.name": "subnet2",
                            "subnet.2796830261.security_group": "",
                            "subnet.4132282879.address_prefix": "10.0.3.0/24",
                            "subnet.4132282879.id": "/subscriptions/c8398dc1-b671-4b68-b6fd-481c72a4d32f/resourceGroups/terraform/providers/Microsoft.Network/virtualNetworks/cdtlab-network/subnets/subnet3",
                            "subnet.4132282879.name": "subnet3",
                            "subnet.4132282879.security_group": "",
                            "tags.%": "0"
                        },
                        "meta": {},
                        "tainted": false
                    },
                    "deposed": [],
                    "provider": "provider.azurerm"
                }
            },
            "depends_on": []
        }
    ]
}
